
Microsoft Visual Studio Solution File, Format Version 12.00
# Visual Studio Version 17
VisualStudioVersion = 17.8.34309.116
MinimumVisualStudioVersion = 10.0.40219.1
Project("{9A19103F-16F7-4668-BE54-9A1E7A4F7556}") = "BackendService", "BackendService\BackendService.csproj", "{FFA9EA64-1508-446C-B16B-1EA0BADF1D55}"
EndProject
Project("{9A19103F-16F7-4668-BE54-9A1E7A4F7556}") = "FrontendService", "FrontendService\FrontendService.csproj", "{6EB01689-D656-4866-B51D-7BC08187E359}"
EndProject
Project("{FAE04EC0-301F-11D3-BF4B-00C04F79EFBC}") = "MobileService", "MobileService\MobileService.csproj", "{9FAE615F-AEA7-49C0-B284-ADF1B345CF61}"
EndProject
Global
	GlobalSection(SolutionConfigurationPlatforms) = preSolution
		Debug|Any CPU = Debug|Any CPU
		Release|Any CPU = Release|Any CPU
	EndGlobalSection
	GlobalSection(ProjectConfigurationPlatforms) = postSolution
		{FFA9EA64-1508-446C-B16B-1EA0BADF1D55}.Debug|Any CPU.ActiveCfg = Debug|Any CPU
		{FFA9EA64-1508-446C-B16B-1EA0BADF1D55}.Debug|Any CPU.Build.0 = Debug|Any CPU
		{FFA9EA64-1508-446C-B16B-1EA0BADF1D55}.Release|Any CPU.ActiveCfg = Release|Any CPU
		{FFA9EA64-1508-446C-B16B-1EA0BADF1D55}.Release|Any CPU.Build.0 = Release|Any CPU
		{6EB01689-D656-4866-B51D-7BC08187E359}.Debug|Any CPU.ActiveCfg = Debug|Any CPU
		{6EB01689-D656-4866-B51D-7BC08187E359}.Debug|Any CPU.Build.0 = Debug|Any CPU
		{6EB01689-D656-4866-B51D-7BC08187E359}.Release|Any CPU.ActiveCfg = Release|Any CPU
		{6EB01689-D656-4866-B51D-7BC08187E359}.Release|Any CPU.Build.0 = Release|Any CPU
		{9FAE615F-AEA7-49C0-B284-ADF1B345CF61}.Debug|Any CPU.ActiveCfg = Debug|Any CPU
		{9FAE615F-AEA7-49C0-B284-ADF1B345CF61}.Debug|Any CPU.Build.0 = Debug|Any CPU
		{9FAE615F-AEA7-49C0-B284-ADF1B345CF61}.Debug|Any CPU.Deploy.0 = Debug|Any CPU
		{9FAE615F-AEA7-49C0-B284-ADF1B345CF61}.Release|Any CPU.ActiveCfg = Release|Any CPU
		{9FAE615F-AEA7-49C0-B284-ADF1B345CF61}.Release|Any CPU.Build.0 = Release|Any CPU
		{9FAE615F-AEA7-49C0-B284-ADF1B345CF61}.Release|Any CPU.Deploy.0 = Release|Any CPU
	EndGlobalSection
	GlobalSection(SolutionProperties) = preSolution
		HideSolutionNode = FALSE
	EndGlobalSection
	GlobalSection(ExtensibilityGlobals) = postSolution
		SolutionGuid = {E4364E2E-B959-4A00-919E-9CEB669AC61F}
	EndGlobalSection
EndGlobal
